
Microsoft Visual Studio Solution File, Format Version 12.00
# Visual Studio 14
VisualStudioVersion = 14.0.23107.0
MinimumVisualStudioVersion = 10.0.40219.1
Project("{2150E333-8FDC-42A3-9474-1A3956D46DE8}") = "src", "src", "{F0DD20CD-5E5B-421F-A474-8A19F1CD4EE8}"
EndProject
Project("{2150E333-8FDC-42A3-9474-1A3956D46DE8}") = "Solution Items", "Solution Items", "{1E1CDF32-B4F2-4C38-ACCF-DC94D56086B4}"
	ProjectSection(SolutionItems) = preProject
		global.json = global.json
		Read.txt = Read.txt
	EndProjectSection
EndProject
Project("{8BB2217D-0F2D-49D1-97BC-3654ED321F3B}") = "WebTrafficReader", "src\WebTrafficReader\WebTrafficReader.xproj", "{A2763996-9FF6-4B9B-AB2B-75C4257E1B4A}"
EndProject
Project("{FAE04EC0-301F-11D3-BF4B-00C04F79EFBC}") = "WebTrafficAnalyser", "WebTrafficAnalyser\WebTrafficAnalyser.csproj", "{1D038A65-4CC2-457A-95A8-ED6A7AEF8718}"
EndProject
Project("{FAE04EC0-301F-11D3-BF4B-00C04F79EFBC}") = "WebTrafficAnalyser.Tests", "WebTrafficAnalyser.Tests\WebTrafficAnalyser.Tests.csproj", "{82CEDA6E-3467-47C8-9CFA-683215DCED0B}"
EndProject
Project("{FAE04EC0-301F-11D3-BF4B-00C04F79EFBC}") = "TrafficReaderService", "TrafficReaderService\TrafficReaderService.csproj", "{AC93E44A-5352-4A68-8B33-40668E273F6B}"
EndProject
Project("{FAE04EC0-301F-11D3-BF4B-00C04F79EFBC}") = "WebTrafficAnalyser.Api", "WebTrafficAnalyser.Api\WebTrafficAnalyser.Api.csproj", "{B1080EF6-807C-4814-9472-2EFF3AD6F3A2}"
EndProject
Global
	GlobalSection(SolutionConfigurationPlatforms) = preSolution
		Debug|Any CPU = Debug|Any CPU
		Release|Any CPU = Release|Any CPU
	EndGlobalSection
	GlobalSection(ProjectConfigurationPlatforms) = postSolution
		{A2763996-9FF6-4B9B-AB2B-75C4257E1B4A}.Debug|Any CPU.ActiveCfg = Debug|Any CPU
		{A2763996-9FF6-4B9B-AB2B-75C4257E1B4A}.Debug|Any CPU.Build.0 = Debug|Any CPU
		{A2763996-9FF6-4B9B-AB2B-75C4257E1B4A}.Release|Any CPU.ActiveCfg = Release|Any CPU
		{A2763996-9FF6-4B9B-AB2B-75C4257E1B4A}.Release|Any CPU.Build.0 = Release|Any CPU
		{1D038A65-4CC2-457A-95A8-ED6A7AEF8718}.Debug|Any CPU.ActiveCfg = Debug|Any CPU
		{1D038A65-4CC2-457A-95A8-ED6A7AEF8718}.Debug|Any CPU.Build.0 = Debug|Any CPU
		{1D038A65-4CC2-457A-95A8-ED6A7AEF8718}.Release|Any CPU.ActiveCfg = Release|Any CPU
		{1D038A65-4CC2-457A-95A8-ED6A7AEF8718}.Release|Any CPU.Build.0 = Release|Any CPU
		{82CEDA6E-3467-47C8-9CFA-683215DCED0B}.Debug|Any CPU.ActiveCfg = Debug|Any CPU
		{82CEDA6E-3467-47C8-9CFA-683215DCED0B}.Debug|Any CPU.Build.0 = Debug|Any CPU
		{82CEDA6E-3467-47C8-9CFA-683215DCED0B}.Release|Any CPU.ActiveCfg = Release|Any CPU
		{82CEDA6E-3467-47C8-9CFA-683215DCED0B}.Release|Any CPU.Build.0 = Release|Any CPU
		{AC93E44A-5352-4A68-8B33-40668E273F6B}.Debug|Any CPU.ActiveCfg = Debug|Any CPU
		{AC93E44A-5352-4A68-8B33-40668E273F6B}.Debug|Any CPU.Build.0 = Debug|Any CPU
		{AC93E44A-5352-4A68-8B33-40668E273F6B}.Release|Any CPU.ActiveCfg = Release|Any CPU
		{AC93E44A-5352-4A68-8B33-40668E273F6B}.Release|Any CPU.Build.0 = Release|Any CPU
		{B1080EF6-807C-4814-9472-2EFF3AD6F3A2}.Debug|Any CPU.ActiveCfg = Debug|Any CPU
		{B1080EF6-807C-4814-9472-2EFF3AD6F3A2}.Debug|Any CPU.Build.0 = Debug|Any CPU
		{B1080EF6-807C-4814-9472-2EFF3AD6F3A2}.Release|Any CPU.ActiveCfg = Release|Any CPU
		{B1080EF6-807C-4814-9472-2EFF3AD6F3A2}.Release|Any CPU.Build.0 = Release|Any CPU
	EndGlobalSection
	GlobalSection(SolutionProperties) = preSolution
		HideSolutionNode = FALSE
	EndGlobalSection
	GlobalSection(NestedProjects) = preSolution
		{A2763996-9FF6-4B9B-AB2B-75C4257E1B4A} = {F0DD20CD-5E5B-421F-A474-8A19F1CD4EE8}
		{1D038A65-4CC2-457A-95A8-ED6A7AEF8718} = {F0DD20CD-5E5B-421F-A474-8A19F1CD4EE8}
		{82CEDA6E-3467-47C8-9CFA-683215DCED0B} = {F0DD20CD-5E5B-421F-A474-8A19F1CD4EE8}
		{AC93E44A-5352-4A68-8B33-40668E273F6B} = {F0DD20CD-5E5B-421F-A474-8A19F1CD4EE8}
		{B1080EF6-807C-4814-9472-2EFF3AD6F3A2} = {F0DD20CD-5E5B-421F-A474-8A19F1CD4EE8}
	EndGlobalSection
EndGlobal
